
Microsoft Visual Studio Solution File, Format Version 12.00
# Visual Studio Version 17
VisualStudioVersion = 17.4.33205.214
MinimumVisualStudioVersion = 10.0.40219.1
Project("{E24C65DC-7377-472B-9ABA-BC803B73C61A}") = "soap-net", ".", "{68E63CC1-5A83-4DEF-A52D-86D5DD8C55E8}"
	ProjectSection(WebsiteProperties) = preProject
		TargetFrameworkMoniker = ".NETFramework,Version%3Dv4.7.2"
		Debug.AspNetCompiler.VirtualPath = "/localhost_63857"
		Debug.AspNetCompiler.PhysicalPath = "..\soap-net\"
		Debug.AspNetCompiler.TargetPath = "PrecompiledWeb\localhost_63857\"
		Debug.AspNetCompiler.Updateable = "true"
		Debug.AspNetCompiler.ForceOverwrite = "true"
		Debug.AspNetCompiler.FixedNames = "false"
		Debug.AspNetCompiler.Debug = "True"
		Release.AspNetCompiler.VirtualPath = "/localhost_63857"
		Release.AspNetCompiler.PhysicalPath = "..\soap-net\"
		Release.AspNetCompiler.TargetPath = "PrecompiledWeb\localhost_63857\"
		Release.AspNetCompiler.Updateable = "true"
		Release.AspNetCompiler.ForceOverwrite = "true"
		Release.AspNetCompiler.FixedNames = "false"
		Release.AspNetCompiler.Debug = "False"
		VWDPort = "63857"
		SlnRelativePath = "..\soap-net\"
		DefaultWebSiteLanguage = "Visual C#"
	EndProjectSection
EndProject
Global
	GlobalSection(SolutionConfigurationPlatforms) = preSolution
		Debug|Any CPU = Debug|Any CPU
	EndGlobalSection
	GlobalSection(ProjectConfigurationPlatforms) = postSolution
		{68E63CC1-5A83-4DEF-A52D-86D5DD8C55E8}.Debug|Any CPU.ActiveCfg = Debug|Any CPU
		{68E63CC1-5A83-4DEF-A52D-86D5DD8C55E8}.Debug|Any CPU.Build.0 = Debug|Any CPU
	EndGlobalSection
	GlobalSection(SolutionProperties) = preSolution
		HideSolutionNode = FALSE
	EndGlobalSection
	GlobalSection(ExtensibilityGlobals) = postSolution
		SolutionGuid = {C214992C-5664-4E4D-8CEF-87D61CF95152}
	EndGlobalSection
EndGlobal
